
Microsoft Visual Studio Solution File, Format Version 12.00
# Visual Studio Version 16
VisualStudioVersion = 16.0.31515.178
MinimumVisualStudioVersion = 10.0.40219.1
Project("{888888A0-9F3D-457C-B088-3A5042F75D52}") = "Hotel reservation", "Hotel reservation.pyproj", "{629A81D8-20EE-4D81-9CBA-E9AADABD8330}"
EndProject
Global
	GlobalSection(SolutionConfigurationPlatforms) = preSolution
		Debug|Any CPU = Debug|Any CPU
		Release|Any CPU = Release|Any CPU
	EndGlobalSection
	GlobalSection(ProjectConfigurationPlatforms) = postSolution
		{629A81D8-20EE-4D81-9CBA-E9AADABD8330}.Debug|Any CPU.ActiveCfg = Debug|Any CPU
		{629A81D8-20EE-4D81-9CBA-E9AADABD8330}.Release|Any CPU.ActiveCfg = Release|Any CPU
	EndGlobalSection
	GlobalSection(SolutionProperties) = preSolution
		HideSolutionNode = FALSE
	EndGlobalSection
	GlobalSection(ExtensibilityGlobals) = postSolution
		SolutionGuid = {742E6DEE-913C-4FFE-8C2F-B0503619833A}
	EndGlobalSection
EndGlobal
